
Microsoft Visual Studio Solution File, Format Version 12.00
# Visual Studio Version 17
VisualStudioVersion = 17.14.36202.13
MinimumVisualStudioVersion = 10.0.40219.1
Project("{2150E333-8FDC-42A3-9474-1A3956D46DE8}") = "Physical Count", "Physical Count", "{02EA681E-C7D8-13C7-8484-4AC65E1B71E8}"
EndProject
Project("{2150E333-8FDC-42A3-9474-1A3956D46DE8}") = "Shop Floor", "Shop Floor", "{FABF576B-07A2-476F-A69F-4DF94E9B46AF}"
EndProject
Project("{2150E333-8FDC-42A3-9474-1A3956D46DE8}") = "UAT", "UAT", "{EFB6A1E8-631C-48A5-A499-72C91DE279FD}"
EndProject
Project("{2150E333-8FDC-42A3-9474-1A3956D46DE8}") = "PRD", "PRD", "{93DB56E7-1DF3-48E1-B09A-305C175C2333}"
EndProject
Project("{2150E333-8FDC-42A3-9474-1A3956D46DE8}") = "UAT", "UAT", "{182A8267-793E-4168-9AA9-AE88D0B303C5}"
EndProject
Global
	GlobalSection(SolutionProperties) = preSolution
		HideSolutionNode = FALSE
	EndGlobalSection
	GlobalSection(NestedProjects) = preSolution
		{EFB6A1E8-631C-48A5-A499-72C91DE279FD} = {02EA681E-C7D8-13C7-8484-4AC65E1B71E8}
		{93DB56E7-1DF3-48E1-B09A-305C175C2333} = {02EA681E-C7D8-13C7-8484-4AC65E1B71E8}
		{182A8267-793E-4168-9AA9-AE88D0B303C5} = {FABF576B-07A2-476F-A69F-4DF94E9B46AF}
	EndGlobalSection
	GlobalSection(ExtensibilityGlobals) = postSolution
		SolutionGuid = {16BCFB54-9691-4AE2-8D01-AF47AD23764E}
	EndGlobalSection
EndGlobal
